{
  "version": 4,
  "terraform_version": "1.5.7",
  "serial": 1,
  "lineage": "fe5d0bab-6a3b-4ec5-46be-ac0f3a190dee",
  "outputs": {},
  "resources": [
    {
      "mode": "managed",
      "type": "local_file",
      "name": "testfile",
      "provider": "provider[\"registry.terraform.io/hashicorp/local\"]",
      "instances": [
        {
          "schema_version": 0,
          "attributes": {
            "content": "this is testfile",
            "content_base64": null,
            "content_base64sha256": "GL61IN1hYdj0YznTsZjHtNW1c7G0uv+ZqanNUuByvNs=",
            "content_base64sha512": "0jFLjJXOvGMx4ITVn7FNxGAzEJX4/5FqxIeB5GmTcN42KN3Kti/m41AkNTJpMc8xzvehpmVo25WtGVABnF+I9Q==",
            "content_md5": "223e72ca5f90974e2fdf7c3dee440a3c",
            "content_sha1": "897c1b363fd883a95988769ef44b017739ebfa14",
            "content_sha256": "18beb520dd6161d8f46339d3b198c7b4d5b573b1b4baff99a9a9cd52e072bcdb",
            "content_sha512": "d2314b8c95cebc6331e084d59fb14dc460331095f8ff916ac48781e4699370de3628ddcab62fe6e3502435326931cf31cef7a1a66568db95ad1950019c5f88f5",
            "directory_permission": "0777",
            "file_permission": "0777",
            "filename": "testfile",
            "id": "897c1b363fd883a95988769ef44b017739ebfa14",
            "sensitive_content": null,
            "source": null
          },
          "sensitive_attributes": []
        }
      ]
    }
  ],
  "check_results": null
}
