{
  "version": 4,
  "terraform_version": "1.5.7",
  "serial": 5,
  "lineage": "fe5d0bab-6a3b-4ec5-46be-ac0f3a190dee",
  "outputs": {},
  "resources": [
    {
      "mode": "managed",
      "type": "local_file",
      "name": "testfile",
      "provider": "provider[\"registry.terraform.io/hashicorp/local\"]",
      "instances": [
        {
          "schema_version": 0,
          "attributes": {
            "content": "this is testfile2",
            "content_base64": null,
            "content_base64sha256": "U4a0BS31vaboYK7B4jXfLSrmFW69cuFmP3haWMR6vnQ=",
            "content_base64sha512": "Vhr/dGSD2vBunQ84sQVTMcKHNsS6ApWLNSZty4J2NJUURcJtSLel3KY3ooZToeyI4hKZYsuUaZp3LpskeL8Nzg==",
            "content_md5": "af22e8a5ec879ff72e8aa0435b1be2ef",
            "content_sha1": "c4a61192ed6907f5fa99087c8c29363cde09988a",
            "content_sha256": "5386b4052df5bda6e860aec1e235df2d2ae6156ebd72e1663f785a58c47abe74",
            "content_sha512": "561aff746483daf06e9d0f38b1055331c28736c4ba02958b35266dcb827634951445c26d48b7a5dca637a28653a1ec88e2129962cb94699a772e9b2478bf0dce",
            "directory_permission": "0777",
            "file_permission": "0777",
            "filename": "testfile.txt",
            "id": "c4a61192ed6907f5fa99087c8c29363cde09988a",
            "sensitive_content": null,
            "source": null
          },
          "sensitive_attributes": []
        }
      ]
    }
  ],
  "check_results": null
}
